// !$*UTF8*$!
{
	archiveVersion = 1;
	classes = {
	};
	objectVersion = 50;
	objects = {

/* Begin PBXBuildFile section */
		8802C0E722EB02B20057368E /* UserLoginResponse.swift in Sources */ = {isa = PBXBuildFile; fileRef = 8802C0E622EB02B20057368E /* UserLoginResponse.swift */; };
		8803352322EC39980001B2A9 /* UIViewController+Extension.swift in Sources */ = {isa = PBXBuildFile; fileRef = 8803352222EC39980001B2A9 /* UIViewController+Extension.swift */; };
		8814200A22E732810088A0B4 /* Assets.xcassets in Resources */ = {isa = PBXBuildFile; fileRef = 8814200922E732810088A0B4 /* Assets.xcassets */; };
		8815051C22F6F0C20060F697 /* PostLocationResponse.swift in Sources */ = {isa = PBXBuildFile; fileRef = 8815051B22F6F0C20060F697 /* PostLocationResponse.swift */; };
		8815051E22F6FF640060F697 /* PutLocationResponse.swift in Sources */ = {isa = PBXBuildFile; fileRef = 8815051D22F6FF640060F697 /* PutLocationResponse.swift */; };
		881CFD6622E9F44D0026F5BF /* StudentLocations.swift in Sources */ = {isa = PBXBuildFile; fileRef = 881CFD6522E9F44D0026F5BF /* StudentLocations.swift */; };
		883A442622F5B8A400E11874 /* UserData.swift in Sources */ = {isa = PBXBuildFile; fileRef = 883A442522F5B8A400E11874 /* UserData.swift */; };
		883A442822F5BCB800E11874 /* PostLocation.swift in Sources */ = {isa = PBXBuildFile; fileRef = 883A442722F5BCB800E11874 /* PostLocation.swift */; };
		8867415622EB40BD00811D7D /* StudentLocation.swift in Sources */ = {isa = PBXBuildFile; fileRef = 8867415522EB40BD00811D7D /* StudentLocation.swift */; };
		8879A8A922F5769600296196 /* SpotMapViewController.swift in Sources */ = {isa = PBXBuildFile; fileRef = 8879A8A822F5769600296196 /* SpotMapViewController.swift */; };
		888AAE1922EB26390049EF10 /* MapViewController.swift in Sources */ = {isa = PBXBuildFile; fileRef = 888AAE1822EB26390049EF10 /* MapViewController.swift */; };
		888AAE1B22EB26720049EF10 /* SpotListViewController.swift in Sources */ = {isa = PBXBuildFile; fileRef = 888AAE1A22EB26720049EF10 /* SpotListViewController.swift */; };
		888AAE1D22EB26B80049EF10 /* FindSpotViewController.swift in Sources */ = {isa = PBXBuildFile; fileRef = 888AAE1C22EB26B80049EF10 /* FindSpotViewController.swift */; };
		888F25EB22E9A7AB00721EFF /* LoginViewController.swift in Sources */ = {isa = PBXBuildFile; fileRef = 888F25EA22E9A7AB00721EFF /* LoginViewController.swift */; };
		888F25FF22E9B14E00721EFF /* UdacityClient.swift in Sources */ = {isa = PBXBuildFile; fileRef = 888F25FE22E9B14E00721EFF /* UdacityClient.swift */; };
		889FD1FE22E712D900426521 /* AppDelegate.swift in Sources */ = {isa = PBXBuildFile; fileRef = 889FD1FD22E712D900426521 /* AppDelegate.swift */; };
		889FD20022E712D900426521 /* ViewController.swift in Sources */ = {isa = PBXBuildFile; fileRef = 889FD1FF22E712D900426521 /* ViewController.swift */; };
		889FD20322E712D900426521 /* Main.storyboard in Resources */ = {isa = PBXBuildFile; fileRef = 889FD20122E712D900426521 /* Main.storyboard */; };
		889FD20822E712DB00426521 /* LaunchScreen.storyboard in Resources */ = {isa = PBXBuildFile; fileRef = 889FD20622E712DB00426521 /* LaunchScreen.storyboard */; };
/* End PBXBuildFile section */

/* Begin PBXFileReference section */
		8802C0E622EB02B20057368E /* UserLoginResponse.swift */ = {isa = PBXFileReference; lastKnownFileType = sourcecode.swift; path = UserLoginResponse.swift; sourceTree = "<group>"; };
		8803352222EC39980001B2A9 /* UIViewController+Extension.swift */ = {isa = PBXFileReference; lastKnownFileType = sourcecode.swift; path = "UIViewController+Extension.swift"; sourceTree = "<group>"; };
		8814200922E732810088A0B4 /* Assets.xcassets */ = {isa = PBXFileReference; lastKnownFileType = folder.assetcatalog; path = Assets.xcassets; sourceTree = "<group>"; };
		8815051B22F6F0C20060F697 /* PostLocationResponse.swift */ = {isa = PBXFileReference; lastKnownFileType = sourcecode.swift; path = PostLocationResponse.swift; sourceTree = "<group>"; };
		8815051D22F6FF640060F697 /* PutLocationResponse.swift */ = {isa = PBXFileReference; lastKnownFileType = sourcecode.swift; path = PutLocationResponse.swift; sourceTree = "<group>"; };
		881CFD6522E9F44D0026F5BF /* StudentLocations.swift */ = {isa = PBXFileReference; lastKnownFileType = sourcecode.swift; path = StudentLocations.swift; sourceTree = "<group>"; };
		883A442522F5B8A400E11874 /* UserData.swift */ = {isa = PBXFileReference; fileEncoding = 4; lastKnownFileType = sourcecode.swift; path = UserData.swift; sourceTree = "<group>"; };
		883A442722F5BCB800E11874 /* PostLocation.swift */ = {isa = PBXFileReference; lastKnownFileType = sourcecode.swift; path = PostLocation.swift; sourceTree = "<group>"; };
		8867415522EB40BD00811D7D /* StudentLocation.swift */ = {isa = PBXFileReference; lastKnownFileType = sourcecode.swift; path = StudentLocation.swift; sourceTree = "<group>"; };
		8879A8A822F5769600296196 /* SpotMapViewController.swift */ = {isa = PBXFileReference; lastKnownFileType = sourcecode.swift; path = SpotMapViewController.swift; sourceTree = "<group>"; };
		888AAE1822EB26390049EF10 /* MapViewController.swift */ = {isa = PBXFileReference; lastKnownFileType = sourcecode.swift; path = MapViewController.swift; sourceTree = "<group>"; };
		888AAE1A22EB26720049EF10 /* SpotListViewController.swift */ = {isa = PBXFileReference; lastKnownFileType = sourcecode.swift; path = SpotListViewController.swift; sourceTree = "<group>"; };
		888AAE1C22EB26B80049EF10 /* FindSpotViewController.swift */ = {isa = PBXFileReference; lastKnownFileType = sourcecode.swift; path = FindSpotViewController.swift; sourceTree = "<group>"; };
		888F25EA22E9A7AB00721EFF /* LoginViewController.swift */ = {isa = PBXFileReference; lastKnownFileType = sourcecode.swift; path = LoginViewController.swift; sourceTree = "<group>"; };
		888F25FE22E9B14E00721EFF /* UdacityClient.swift */ = {isa = PBXFileReference; lastKnownFileType = sourcecode.swift; path = UdacityClient.swift; sourceTree = "<group>"; };
		889FD1FA22E712D900426521 /* OnTheMap.app */ = {isa = PBXFileReference; explicitFileType = wrapper.application; includeInIndex = 0; path = OnTheMap.app; sourceTree = BUILT_PRODUCTS_DIR; };
		889FD1FD22E712D900426521 /* AppDelegate.swift */ = {isa = PBXFileReference; lastKnownFileType = sourcecode.swift; path = AppDelegate.swift; sourceTree = "<group>"; };
		889FD1FF22E712D900426521 /* ViewController.swift */ = {isa = PBXFileReference; lastKnownFileType = sourcecode.swift; path = ViewController.swift; sourceTree = "<group>"; };
		889FD20222E712D900426521 /* Base */ = {isa = PBXFileReference; lastKnownFileType = file.storyboard; name = Base; path = Base.lproj/Main.storyboard; sourceTree = "<group>"; };
		889FD20722E712DB00426521 /* Base */ = {isa = PBXFileReference; lastKnownFileType = file.storyboard; name = Base; path = Base.lproj/LaunchScreen.storyboard; sourceTree = "<group>"; };
		889FD20922E712DB00426521 /* Info.plist */ = {isa = PBXFileReference; lastKnownFileType = text.plist.xml; path = Info.plist; sourceTree = "<group>"; };
/* End PBXFileReference section */

/* Begin PBXFrameworksBuildPhase section */
		889FD1F722E712D800426521 /* Frameworks */ = {
			isa = PBXFrameworksBuildPhase;
			buildActionMask = 2147483647;
			files = (
			);
			runOnlyForDeploymentPostprocessing = 0;
		};
/* End PBXFrameworksBuildPhase section */

/* Begin PBXGroup section */
		8802FBC522E8631200AC84C1 /* Controller */ = {
			isa = PBXGroup;
			children = (
				888F25EA22E9A7AB00721EFF /* LoginViewController.swift */,
				888AAE1822EB26390049EF10 /* MapViewController.swift */,
				888AAE1A22EB26720049EF10 /* SpotListViewController.swift */,
				888AAE1C22EB26B80049EF10 /* FindSpotViewController.swift */,
				8803352222EC39980001B2A9 /* UIViewController+Extension.swift */,
				8879A8A822F5769600296196 /* SpotMapViewController.swift */,
			);
			path = Controller;
			sourceTree = "<group>";
		};
		8802FBC622E8631B00AC84C1 /* Model */ = {
			isa = PBXGroup;
			children = (
				888F25FE22E9B14E00721EFF /* UdacityClient.swift */,
				883A442522F5B8A400E11874 /* UserData.swift */,
				8820420022E8A39700AD3550 /* Request */,
				8867415522EB40BD00811D7D /* StudentLocation.swift */,
				883A442722F5BCB800E11874 /* PostLocation.swift */,
				8815051B22F6F0C20060F697 /* PostLocationResponse.swift */,
				8815051D22F6FF640060F697 /* PutLocationResponse.swift */,
			);
			path = Model;
			sourceTree = "<group>";
		};
		8814200822E731A90088A0B4 /* Assets */ = {
			isa = PBXGroup;
			children = (
				8814200922E732810088A0B4 /* Assets.xcassets */,
			);
			path = Assets;
			sourceTree = "<group>";
		};
		8820420022E8A39700AD3550 /* Request */ = {
			isa = PBXGroup;
			children = (
				881CFD6522E9F44D0026F5BF /* StudentLocations.swift */,
				8802C0E622EB02B20057368E /* UserLoginResponse.swift */,
			);
			path = Request;
			sourceTree = "<group>";
		};
		889FD1F122E712D800426521 = {
			isa = PBXGroup;
			children = (
				889FD1FC22E712D900426521 /* OnTheMap */,
				889FD1FB22E712D900426521 /* Products */,
			);
			sourceTree = "<group>";
		};
		889FD1FB22E712D900426521 /* Products */ = {
			isa = PBXGroup;
			children = (
				889FD1FA22E712D900426521 /* OnTheMap.app */,
			);
			name = Products;
			sourceTree = "<group>";
		};
		889FD1FC22E712D900426521 /* OnTheMap */ = {
			isa = PBXGroup;
			children = (
				889FD20122E712D900426521 /* Main.storyboard */,
				889FD20622E712DB00426521 /* LaunchScreen.storyboard */,
				8802FBC522E8631200AC84C1 /* Controller */,
				8802FBC622E8631B00AC84C1 /* Model */,
				889FD1FD22E712D900426521 /* AppDelegate.swift */,
				889FD1FF22E712D900426521 /* ViewController.swift */,
				8814200822E731A90088A0B4 /* Assets */,
				889FD20922E712DB00426521 /* Info.plist */,
			);
			path = OnTheMap;
			sourceTree = "<group>";
		};
/* End PBXGroup section */

/* Begin PBXNativeTarget section */
		889FD1F922E712D800426521 /* OnTheMap */ = {
			isa = PBXNativeTarget;
			buildConfigurationList = 889FD20C22E712DB00426521 /* Build configuration list for PBXNativeTarget "OnTheMap" */;
			buildPhases = (
				889FD1F622E712D800426521 /* Sources */,
				889FD1F722E712D800426521 /* Frameworks */,
				889FD1F822E712D800426521 /* Resources */,
			);
			buildRules = (
			);
			dependencies = (
			);
			name = OnTheMap;
			productName = OnTheMap;
			productReference = 889FD1FA22E712D900426521 /* OnTheMap.app */;
			productType = "com.apple.product-type.application";
		};
/* End PBXNativeTarget section */

/* Begin PBXProject section */
		889FD1F222E712D800426521 /* Project object */ = {
			isa = PBXProject;
			attributes = {
				LastSwiftUpdateCheck = 1030;
				LastUpgradeCheck = 1030;
				ORGANIZATIONNAME = Yoshimi;
				TargetAttributes = {
					889FD1F922E712D800426521 = {
						CreatedOnToolsVersion = 10.3;
					};
				};
			};
			buildConfigurationList = 889FD1F522E712D800426521 /* Build configuration list for PBXProject "OnTheMap" */;
			compatibilityVersion = "Xcode 9.3";
			developmentRegion = en;
			hasScannedForEncodings = 0;
			knownRegions = (
				en,
				Base,
			);
			mainGroup = 889FD1F122E712D800426521;
			productRefGroup = 889FD1FB22E712D900426521 /* Products */;
			projectDirPath = "";
			projectRoot = "";
			targets = (
				889FD1F922E712D800426521 /* OnTheMap */,
			);
		};
/* End PBXProject section */

/* Begin PBXResourcesBuildPhase section */
		889FD1F822E712D800426521 /* Resources */ = {
			isa = PBXResourcesBuildPhase;
			buildActionMask = 2147483647;
			files = (
				889FD20822E712DB00426521 /* LaunchScreen.storyboard in Resources */,
				8814200A22E732810088A0B4 /* Assets.xcassets in Resources */,
				889FD20322E712D900426521 /* Main.storyboard in Resources */,
			);
			runOnlyForDeploymentPostprocessing = 0;
		};
/* End PBXResourcesBuildPhase section */

/* Begin PBXSourcesBuildPhase section */
		889FD1F622E712D800426521 /* Sources */ = {
			isa = PBXSourcesBuildPhase;
			buildActionMask = 2147483647;
			files = (
				8803352322EC39980001B2A9 /* UIViewController+Extension.swift in Sources */,
				888AAE1B22EB26720049EF10 /* SpotListViewController.swift in Sources */,
				883A442822F5BCB800E11874 /* PostLocation.swift in Sources */,
				8867415622EB40BD00811D7D /* StudentLocation.swift in Sources */,
				888F25FF22E9B14E00721EFF /* UdacityClient.swift in Sources */,
				883A442622F5B8A400E11874 /* UserData.swift in Sources */,
				888AAE1D22EB26B80049EF10 /* FindSpotViewController.swift in Sources */,
				8802C0E722EB02B20057368E /* UserLoginResponse.swift in Sources */,
				881CFD6622E9F44D0026F5BF /* StudentLocations.swift in Sources */,
				888F25EB22E9A7AB00721EFF /* LoginViewController.swift in Sources */,
				889FD20022E712D900426521 /* ViewController.swift in Sources */,
				8879A8A922F5769600296196 /* SpotMapViewController.swift in Sources */,
				889FD1FE22E712D900426521 /* AppDelegate.swift in Sources */,
				888AAE1922EB26390049EF10 /* MapViewController.swift in Sources */,
				8815051E22F6FF640060F697 /* PutLocationResponse.swift in Sources */,
				8815051C22F6F0C20060F697 /* PostLocationResponse.swift in Sources */,
			);
			runOnlyForDeploymentPostprocessing = 0;
		};
/* End PBXSourcesBuildPhase section */

/* Begin PBXVariantGroup section */
		889FD20122E712D900426521 /* Main.storyboard */ = {
			isa = PBXVariantGroup;
			children = (
				889FD20222E712D900426521 /* Base */,
			);
			name = Main.storyboard;
			sourceTree = "<group>";
		};
		889FD20622E712DB00426521 /* LaunchScreen.storyboard */ = {
			isa = PBXVariantGroup;
			children = (
				889FD20722E712DB00426521 /* Base */,
			);
			name = LaunchScreen.storyboard;
			sourceTree = "<group>";
		};
/* End PBXVariantGroup section */

/* Begin XCBuildConfiguration section */
		889FD20A22E712DB00426521 /* Debug */ = {
			isa = XCBuildConfiguration;
			buildSettings = {
				ALWAYS_SEARCH_USER_PATHS = NO;
				CLANG_ANALYZER_NONNULL = YES;
				CLANG_ANALYZER_NUMBER_OBJECT_CONVERSION = YES_AGGRESSIVE;
				CLANG_CXX_LANGUAGE_STANDARD = "gnu++14";
				CLANG_CXX_LIBRARY = "libc++";
				CLANG_ENABLE_MODULES = YES;
				CLANG_ENABLE_OBJC_ARC = YES;
				CLANG_ENABLE_OBJC_WEAK = YES;
				CLANG_WARN_BLOCK_CAPTURE_AUTORELEASING = YES;
				CLANG_WARN_BOOL_CONVERSION = YES;
				CLANG_WARN_COMMA = YES;
				CLANG_WARN_CONSTANT_CONVERSION = YES;
				CLANG_WARN_DEPRECATED_OBJC_IMPLEMENTATIONS = YES;
				CLANG_WARN_DIRECT_OBJC_ISA_USAGE = YES_ERROR;
				CLANG_WARN_DOCUMENTATION_COMMENTS = YES;
				CLANG_WARN_EMPTY_BODY = YES;
				CLANG_WARN_ENUM_CONVERSION = YES;
				CLANG_WARN_INFINITE_RECURSION = YES;
				CLANG_WARN_INT_CONVERSION = YES;
				CLANG_WARN_NON_LITERAL_NULL_CONVERSION = YES;
				CLANG_WARN_OBJC_IMPLICIT_RETAIN_SELF = YES;
				CLANG_WARN_OBJC_LITERAL_CONVERSION = YES;
				CLANG_WARN_OBJC_ROOT_CLASS = YES_ERROR;
				CLANG_WARN_RANGE_LOOP_ANALYSIS = YES;
				CLANG_WARN_STRICT_PROTOTYPES = YES;
				CLANG_WARN_SUSPICIOUS_MOVE = YES;
				CLANG_WARN_UNGUARDED_AVAILABILITY = YES_AGGRESSIVE;
				CLANG_WARN_UNREACHABLE_CODE = YES;
				CLANG_WARN__DUPLICATE_METHOD_MATCH = YES;
				CODE_SIGN_IDENTITY = "iPhone Developer";
				COPY_PHASE_STRIP = NO;
				DEBUG_INFORMATION_FORMAT = dwarf;
				ENABLE_STRICT_OBJC_MSGSEND = YES;
				ENABLE_TESTABILITY = YES;
				GCC_C_LANGUAGE_STANDARD = gnu11;
				GCC_DYNAMIC_NO_PIC = NO;
				GCC_NO_COMMON_BLOCKS = YES;
				GCC_OPTIMIZATION_LEVEL = 0;
				GCC_PREPROCESSOR_DEFINITIONS = (
					"DEBUG=1",
					"$(inherited)",
				);
				GCC_WARN_64_TO_32_BIT_CONVERSION = YES;
				GCC_WARN_ABOUT_RETURN_TYPE = YES_ERROR;
				GCC_WARN_UNDECLARED_SELECTOR = YES;
				GCC_WARN_UNINITIALIZED_AUTOS = YES_AGGRESSIVE;
				GCC_WARN_UNUSED_FUNCTION = YES;
				GCC_WARN_UNUSED_VARIABLE = YES;
				IPHONEOS_DEPLOYMENT_TARGET = 12.4;
				MTL_ENABLE_DEBUG_INFO = INCLUDE_SOURCE;
				MTL_FAST_MATH = YES;
				ONLY_ACTIVE_ARCH = YES;
				SDKROOT = iphoneos;
				SWIFT_ACTIVE_COMPILATION_CONDITIONS = DEBUG;
				SWIFT_OPTIMIZATION_LEVEL = "-Onone";
			};
			name = Debug;
		};
		889FD20B22E712DB00426521 /* Release */ = {
			isa = XCBuildConfiguration;
			buildSettings = {
				ALWAYS_SEARCH_USER_PATHS = NO;
				CLANG_ANALYZER_NONNULL = YES;
				CLANG_ANALYZER_NUMBER_OBJECT_CONVERSION = YES_AGGRESSIVE;
				CLANG_CXX_LANGUAGE_STANDARD = "gnu++14";
				CLANG_CXX_LIBRARY = "libc++";
				CLANG_ENABLE_MODULES = YES;
				CLANG_ENABLE_OBJC_ARC = YES;
				CLANG_ENABLE_OBJC_WEAK = YES;
				CLANG_WARN_BLOCK_CAPTURE_AUTORELEASING = YES;
				CLANG_WARN_BOOL_CONVERSION = YES;
				CLANG_WARN_COMMA = YES;
				CLANG_WARN_CONSTANT_CONVERSION = YES;
				CLANG_WARN_DEPRECATED_OBJC_IMPLEMENTATIONS = YES;
				CLANG_WARN_DIRECT_OBJC_ISA_USAGE = YES_ERROR;
				CLANG_WARN_DOCUMENTATION_COMMENTS = YES;
				CLANG_WARN_EMPTY_BODY = YES;
				CLANG_WARN_ENUM_CONVERSION = YES;
				CLANG_WARN_INFINITE_RECURSION = YES;
				CLANG_WARN_INT_CONVERSION = YES;
				CLANG_WARN_NON_LITERAL_NULL_CONVERSION = YES;
				CLANG_WARN_OBJC_IMPLICIT_RETAIN_SELF = YES;
				CLANG_WARN_OBJC_LITERAL_CONVERSION = YES;
				CLANG_WARN_OBJC_ROOT_CLASS = YES_ERROR;
				CLANG_WARN_RANGE_LOOP_ANALYSIS = YES;
				CLANG_WARN_STRICT_PROTOTYPES = YES;
				CLANG_WARN_SUSPICIOUS_MOVE = YES;
				CLANG_WARN_UNGUARDED_AVAILABILITY = YES_AGGRESSIVE;
				CLANG_WARN_UNREACHABLE_CODE = YES;
				CLANG_WARN__DUPLICATE_METHOD_MATCH = YES;
				CODE_SIGN_IDENTITY = "iPhone Developer";
				COPY_PHASE_STRIP = NO;
				DEBUG_INFORMATION_FORMAT = "dwarf-with-dsym";
				ENABLE_NS_ASSERTIONS = NO;
				ENABLE_STRICT_OBJC_MSGSEND = YES;
				GCC_C_LANGUAGE_STANDARD = gnu11;
				GCC_NO_COMMON_BLOCKS = YES;
				GCC_WARN_64_TO_32_BIT_CONVERSION = YES;
				GCC_WARN_ABOUT_RETURN_TYPE = YES_ERROR;
				GCC_WARN_UNDECLARED_SELECTOR = YES;
				GCC_WARN_UNINITIALIZED_AUTOS = YES_AGGRESSIVE;
				GCC_WARN_UNUSED_FUNCTION = YES;
				GCC_WARN_UNUSED_VARIABLE = YES;
				IPHONEOS_DEPLOYMENT_TARGET = 12.4;
				MTL_ENABLE_DEBUG_INFO = NO;
				MTL_FAST_MATH = YES;
				SDKROOT = iphoneos;
				SWIFT_COMPILATION_MODE = wholemodule;
				SWIFT_OPTIMIZATION_LEVEL = "-O";
				VALIDATE_PRODUCT = YES;
			};
			name = Release;
		};
		889FD20D22E712DB00426521 /* Debug */ = {
			isa = XCBuildConfiguration;
			buildSettings = {
				ASSETCATALOG_COMPILER_APPICON_NAME = AppIcon;
				CODE_SIGN_STYLE = Automatic;
				DEVELOPMENT_TEAM = QQV87QB6K4;
				FRAMEWORK_SEARCH_PATHS = "";
				INFOPLIST_FILE = OnTheMap/Info.plist;
				LD_RUNPATH_SEARCH_PATHS = (
					"$(inherited)",
					"@executable_path/Frameworks",
				);
				PRODUCT_BUNDLE_IDENTIFIER = yoshimi.OnTheMap;
				PRODUCT_NAME = "$(TARGET_NAME)";
				SWIFT_VERSION = 5.0;
				TARGETED_DEVICE_FAMILY = "1,2";
			};
			name = Debug;
		};
		889FD20E22E712DB00426521 /* Release */ = {
			isa = XCBuildConfiguration;
			buildSettings = {
				ASSETCATALOG_COMPILER_APPICON_NAME = AppIcon;
				CODE_SIGN_STYLE = Automatic;
				DEVELOPMENT_TEAM = QQV87QB6K4;
				FRAMEWORK_SEARCH_PATHS = "";
				INFOPLIST_FILE = OnTheMap/Info.plist;
				LD_RUNPATH_SEARCH_PATHS = (
					"$(inherited)",
					"@executable_path/Frameworks",
				);
				PRODUCT_BUNDLE_IDENTIFIER = yoshimi.OnTheMap;
				PRODUCT_NAME = "$(TARGET_NAME)";
				SWIFT_VERSION = 5.0;
				TARGETED_DEVICE_FAMILY = "1,2";
			};
			name = Release;
		};
/* End XCBuildConfiguration section */

/* Begin XCConfigurationList section */
		889FD1F522E712D800426521 /* Build configuration list for PBXProject "OnTheMap" */ = {
			isa = XCConfigurationList;
			buildConfigurations = (
				889FD20A22E712DB00426521 /* Debug */,
				889FD20B22E712DB00426521 /* Release */,
			);
			defaultConfigurationIsVisible = 0;
			defaultConfigurationName = Release;
		};
		889FD20C22E712DB00426521 /* Build configuration list for PBXNativeTarget "OnTheMap" */ = {
			isa = XCConfigurationList;
			buildConfigurations = (
				889FD20D22E712DB00426521 /* Debug */,
				889FD20E22E712DB00426521 /* Release */,
			);
			defaultConfigurationIsVisible = 0;
			defaultConfigurationName = Release;
		};
/* End XCConfigurationList section */
	};
	rootObject = 889FD1F222E712D800426521 /* Project object */;
}
